{
  "name": "kin-api-server",
  "version": "0.1.0",
  "lockfileVersion": 1,
  "requires": true,
  "dependencies": {
    "@pm2/agent": {
      "version": "0.5.17",
      "resolved": "https://registry.npmjs.org/@pm2/agent/-/agent-0.5.17.tgz",
      "integrity": "sha512-F+Dki1W4QKRQUlp2pQzrs9vSlQ8S/ItbiDH4LrKZRGXxSfK6s90iv6kJ/UycmaDXpfK12POi0dCui6ptB967Sg==",
      "dev": true,
      "requires": {
        "async": "1.5.2",
        "eventemitter2": "1.0.5",
        "fclone": "1.0.11",
        "moment": "2.18.1",
        "nssocket": "0.6.0",
        "pm2-axon": "3.0.2",
        "pm2-axon-rpc": "0.4.5",
        "semver": "5.3.0",
        "ws": "5.2.2"
      }
    },
    "@pm2/agent-node": {
      "version": "1.0.7",
      "resolved": "https://registry.npmjs.org/@pm2/agent-node/-/agent-node-1.0.7.tgz",
      "integrity": "sha512-09m5zCJM9lpdA4MjHS+nahEVf+bjdvj5OepqiQiLxh+Jz1L5VSFmXyT9tUszanhJg3AajRfNKup1ASNtzVnPMg==",
      "dev": true,
      "requires": {
        "debug": "2.6.7",
        "eventemitter2": "1.0.5",
        "ws": "6.1.0"
      },
      "dependencies": {
        "ws": {
          "version": "6.1.0",
          "resolved": "https://registry.npmjs.org/ws/-/ws-6.1.0.tgz",
          "integrity": "sha512-H3dGVdGvW2H8bnYpIDc3u3LH8Wue3Qh+Zto6aXXFzvESkTVT6rAfKR6tR/+coaUvxs8yHtmNV0uioBF62ZGSTg==",
          "dev": true,
          "requires": {
            "async-limiter": "1.0.0"
          }
        }
      }
    },
    "@pm2/io": {
      "version": "2.4.5",
      "resolved": "https://registry.npmjs.org/@pm2/io/-/io-2.4.5.tgz",
      "integrity": "sha512-+JPRL7T/5uoLzUnYV5SlrU1jWNOVfSRBeX386cx68EpotWRH0qS9HjGwh+DjBTeMRdvI9aVyhiBYqqRq8Lb6eg==",
      "dev": true,
      "requires": {
        "@pm2/agent-node": "1.0.7",
        "async": "1.5.2",
        "debug": "2.6.7",
        "deep-metrics": "0.0.2",
        "deepmerge": "2.1.1",
        "event-loop-inspector": "1.2.2",
        "json-stringify-safe": "5.0.1",
        "semver": "5.3.0",
        "signal-exit": "3.0.2",
        "tslib": "1.9.3",
        "vxx": "1.2.2"
      }
    },
    "@pm2/js-api": {
      "version": "0.5.29",
      "resolved": "https://registry.npmjs.org/@pm2/js-api/-/js-api-0.5.29.tgz",
      "integrity": "sha512-Ysncol61c55Tw+OoZm1ZcGR9WIPOf09mvUHH0wO6R3hglXW0OnuZWshy/CuS5Yp4UHwHCIwlxp5OTB95u1WVtQ==",
      "dev": true,
      "requires": {
        "async": "1.5.2",
        "axios": "0.16.2",
        "debug": "2.6.7",
        "eventemitter2": "1.0.5",
        "ws": "3.3.3"
      },
      "dependencies": {
        "ws": {
          "version": "3.3.3",
          "resolved": "https://registry.npmjs.org/ws/-/ws-3.3.3.tgz",
          "integrity": "sha512-nnWLa/NwZSt4KQJu51MYlCcSQ5g7INpOrOMt4XV8j4dqTXdmlUmSHQ8/oLC069ckre0fRsgfvsKwbTdtKLCDkA==",
          "dev": true,
          "requires": {
            "async-limiter": "1.0.0",
            "safe-buffer": "5.1.1",
            "ultron": "1.1.1"
          }
        }
      }
    },
    "async": {
      "version": "1.5.2",
      "resolved": "https://registry.npmjs.org/async/-/async-1.5.2.tgz",
      "integrity": "sha1-7GphrlZIDAw8skHJVhjiCJL5Zyo=",
      "dev": true
    },
    "async-limiter": {
      "version": "1.0.0",
      "resolved": "https://registry.npmjs.org/async-limiter/-/async-limiter-1.0.0.tgz",
      "integrity": "sha512-jp/uFnooOiO+L211eZOoSyzpOITMXx1rBITauYykG3BRYPu8h0UcxsPNB04RR5vo4Tyz3+ay17tR6JVf9qzYWg==",
      "dev": true
    },
    "axios": {
      "version": "0.16.2",
      "resolved": "https://registry.npmjs.org/axios/-/axios-0.16.2.tgz",
      "integrity": "sha1-uk+S8XFn37q0CYN4VFS5rBScPG0=",
      "dev": true,
      "requires": {
        "follow-redirects": "1.5.9",
        "is-buffer": "1.1.5"
      }
    },
    "blessed": {
      "version": "0.1.81",
      "resolved": "https://registry.npmjs.org/blessed/-/blessed-0.1.81.tgz",
      "integrity": "sha1-+WLWh+wsNpVwrnGvhDJW5tDKESk=",
      "dev": true
    },
    "bluebird": {
      "version": "3.5.0",
      "resolved": "https://registry.npmjs.org/bluebird/-/bluebird-3.5.0.tgz",
      "integrity": "sha1-eRQg1/VR7qKJdFOop3ZT+WYG1nw="
    },
    "body-parser": {
      "version": "1.17.2",
      "resolved": "https://registry.npmjs.org/body-parser/-/body-parser-1.17.2.tgz",
      "integrity": "sha1-+IkqvI+eYn1Crtr7yma/WrmRBO4="
    },
    "brfs": {
      "version": "1.4.3",
      "resolved": "https://registry.npmjs.org/brfs/-/brfs-1.4.3.tgz",
      "integrity": "sha1-22ddb16SPm3wh/ylhZyQkKrtMhY=",
      "dev": true
    },
    "chai": {
      "version": "4.0.2",
      "resolved": "https://registry.npmjs.org/chai/-/chai-4.0.2.tgz",
      "integrity": "sha1-L3MnxN5vOF3XeHmZ4qsCaXoyuDs=",
      "dev": true,
      "dependencies": {
        "deep-eql": {
          "version": "2.0.2",
          "resolved": "https://registry.npmjs.org/deep-eql/-/deep-eql-2.0.2.tgz",
          "integrity": "sha1-sbrAblbwp2d3aG1Qyf63XC7XZ5o=",
          "dev": true,
          "dependencies": {
            "type-detect": {
              "version": "3.0.0",
              "resolved": "https://registry.npmjs.org/type-detect/-/type-detect-3.0.0.tgz",
              "integrity": "sha1-RtDMhVOrt7E6NSsNbeov1Y8tm1U=",
              "dev": true
            }
          }
        },
        "type-detect": {
          "version": "4.0.3",
          "resolved": "https://registry.npmjs.org/type-detect/-/type-detect-4.0.3.tgz",
          "integrity": "sha1-Dj8mcLRAmbC0bChNE2p+9Jx0wuo=",
          "dev": true
        }
      }
    },
    "chai-as-promised": {
      "version": "7.0.0",
      "resolved": "https://registry.npmjs.org/chai-as-promised/-/chai-as-promised-7.0.0.tgz",
      "integrity": "sha512-7YYdnXPq2pV9nvRBb36Wi/MXfT8j2iL/H76GtenlOMatXbMoQLb+PonuVHGFsw5wE2M6R/VFciq8AnSSAix0GA==",
      "dev": true
    },
    "chalk": {
      "version": "1.1.3",
      "resolved": "https://registry.npmjs.org/chalk/-/chalk-1.1.3.tgz",
      "integrity": "sha1-qBFcVeSnAv5NFQq9OHKCKn4J/Jg=",
      "dev": true
    },
    "chokidar": {
      "version": "1.7.0",
      "resolved": "https://registry.npmjs.org/chokidar/-/chokidar-1.7.0.tgz",
      "integrity": "sha1-eY5ol3gVHIB2tLNg5e3SjNortGg=",
      "dev": true
    },
    "cli-table-redemption": {
      "version": "1.0.1",
      "resolved": "https://registry.npmjs.org/cli-table-redemption/-/cli-table-redemption-1.0.1.tgz",
      "integrity": "sha512-SjVCciRyx01I4azo2K2rcc0NP/wOceXGzG1ZpYkEulbbIxDA/5YWv0oxG2HtQ4v8zPC6bgbRI7SbNaTZCxMNkg==",
      "dev": true,
      "requires": {
        "chalk": "1.1.3"
      }
    },
    "commander": {
      "version": "2.9.0",
      "resolved": "https://registry.npmjs.org/commander/-/commander-2.9.0.tgz",
      "integrity": "sha1-nJkJQXbhIkDLItbFFGCYQA/g99Q=",
      "dev": true
    },
    "cron": {
      "version": "1.2.1",
      "resolved": "https://registry.npmjs.org/cron/-/cron-1.2.1.tgz",
      "integrity": "sha1-OobAm0G48mGshjp8yF6kc1hX6rI=",
      "dev": true
    },
    "cuid": {
      "version": "1.3.8",
      "resolved": "https://registry.npmjs.org/cuid/-/cuid-1.3.8.tgz",
      "integrity": "sha1-S4deCWm612T37AcGz0T1+wgx9rc="
    },
    "date-fns": {
      "version": "1.29.0",
      "resolved": "https://registry.npmjs.org/date-fns/-/date-fns-1.29.0.tgz",
      "integrity": "sha512-lbTXWZ6M20cWH8N9S6afb0SBm6tMk+uUg6z3MqHPKE9atmsY3kJkTm8vKe93izJ2B2+q5MV990sM2CHgtAZaOw==",
      "dev": true
    },
    "debug": {
      "version": "2.6.7",
      "resolved": "https://registry.npmjs.org/debug/-/debug-2.6.7.tgz",
      "integrity": "sha1-krrR9tBbu2u6Isyoi80OyJTChh4="
    },
    "deep-metrics": {
      "version": "0.0.2",
      "resolved": "https://registry.npmjs.org/deep-metrics/-/deep-metrics-0.0.2.tgz",
      "integrity": "sha512-2b4DO8YcPWSHrZ7XW9YjjJajmflw2EhKUMmeriZmGYsC8XvCWIyztsEjCQ3f5kIQO+ItzBK7BqVjSWlFZQtONQ==",
      "dev": true,
      "requires": {
        "semver": "5.3.0"
      }
    },
    "deepmerge": {
      "version": "2.1.1",
      "resolved": "https://registry.npmjs.org/deepmerge/-/deepmerge-2.1.1.tgz",
      "integrity": "sha512-urQxA1smbLZ2cBbXbaYObM1dJ82aJ2H57A1C/Kklfh/ZN1bgH4G/n5KWhdNfOK11W98gqZfyYj7W4frJJRwA2w==",
      "dev": true
    },
    "del": {
      "version": "3.0.0",
      "resolved": "https://registry.npmjs.org/del/-/del-3.0.0.tgz",
      "integrity": "sha1-U+z2mf/LyzljdpGrE7rxYIGXZuU=",
      "dev": true,
      "dependencies": {
        "globby": {
          "version": "6.1.0",
          "resolved": "https://registry.npmjs.org/globby/-/globby-6.1.0.tgz",
          "integrity": "sha1-9abXDoOV4hyFj7BInWTfAkJNUGw=",
          "dev": true,
          "dependencies": {
            "pify": {
              "version": "2.3.0",
              "resolved": "https://registry.npmjs.org/pify/-/pify-2.3.0.tgz",
              "integrity": "sha1-7RQaasBDqEnqWISY59yosVMw6Qw=",
              "dev": true
            }
          }
        },
        "pify": {
          "version": "3.0.0",
          "resolved": "https://registry.npmjs.org/pify/-/pify-3.0.0.tgz",
          "integrity": "sha1-5aSs0sEB/fPZpNB/DbxNtJ3SgXY=",
          "dev": true
        }
      }
    },
    "dnscache": {
      "version": "1.0.1",
      "resolved": "https://registry.npmjs.org/dnscache/-/dnscache-1.0.1.tgz",
      "integrity": "sha1-Qssrm/tej736OVqsdOEn/AUHTTE="
    },
    "eslint": {
      "version": "3.19.0",
      "resolved": "https://registry.npmjs.org/eslint/-/eslint-3.19.0.tgz",
      "integrity": "sha1-yPxiAcf0DdCJQbh8CFdnOGpnmsw=",
      "dev": true,
      "dependencies": {
        "estraverse": {
          "version": "4.2.0",
          "resolved": "https://registry.npmjs.org/estraverse/-/estraverse-4.2.0.tgz",
          "integrity": "sha1-De4/7TH81GlhjOc0IJn8GvoL2xM=",
          "dev": true
        },
        "esutils": {
          "version": "2.0.2",
          "resolved": "https://registry.npmjs.org/esutils/-/esutils-2.0.2.tgz",
          "integrity": "sha1-Cr9PHKpbyx96nYrMbepPqqBLrJs=",
          "dev": true
        }
      }
    },
    "eslint-config-airbnb": {
      "version": "15.0.1",
      "resolved": "https://registry.npmjs.org/eslint-config-airbnb/-/eslint-config-airbnb-15.0.1.tgz",
      "integrity": "sha1-e1GI5bfHS5ss5jn9Xh2rqP12Gu0=",
      "dev": true
    },
    "eslint-config-prettier": {
      "version": "2.2.0",
      "resolved": "https://registry.npmjs.org/eslint-config-prettier/-/eslint-config-prettier-2.2.0.tgz",
      "integrity": "sha1-ykdmOFJ4mnXBD+umc+gCzB7/CF8=",
      "dev": true
    },
    "eslint-plugin-import": {
      "version": "2.6.0",
      "resolved": "https://registry.npmjs.org/eslint-plugin-import/-/eslint-plugin-import-2.6.0.tgz",
      "integrity": "sha512-JdkYDmMMjhxW6X/IVclD+vQXO6e2nJJT4cKcyTw95mvBCWkr8THXKFhc+WCvGvOscjGuLQzUB7tBeJddrg2jig==",
      "dev": true,
      "dependencies": {
        "debug": {
          "version": "2.6.8",
          "resolved": "https://registry.npmjs.org/debug/-/debug-2.6.8.tgz",
          "integrity": "sha1-5zFTHKLt4n0YgiJCfaF4IdaP9Pw=",
          "dev": true
        },
        "doctrine": {
          "version": "1.5.0",
          "resolved": "https://registry.npmjs.org/doctrine/-/doctrine-1.5.0.tgz",
          "integrity": "sha1-N53Ocw9hZvds76TmcHoVmwLFpvo=",
          "dev": true
        },
        "esutils": {
          "version": "2.0.2",
          "resolved": "https://registry.npmjs.org/esutils/-/esutils-2.0.2.tgz",
          "integrity": "sha1-Cr9PHKpbyx96nYrMbepPqqBLrJs=",
          "dev": true
        },
        "isarray": {
          "version": "1.0.0",
          "resolved": "https://registry.npmjs.org/isarray/-/isarray-1.0.0.tgz",
          "integrity": "sha1-u5NdSFgsuhaMBoNJV6VKPgcSTxE=",
          "dev": true
        }
      }
    },
    "eslint-plugin-jsx-a11y": {
      "version": "5.1.0",
      "resolved": "https://registry.npmjs.org/eslint-plugin-jsx-a11y/-/eslint-plugin-jsx-a11y-5.1.0.tgz",
      "integrity": "sha1-SoKWNDROepA5Gp+w+9GYEHN9ecU=",
      "dev": true
    },
    "eslint-plugin-react": {
      "version": "7.1.0",
      "resolved": "https://registry.npmjs.org/eslint-plugin-react/-/eslint-plugin-react-7.1.0.tgz",
      "integrity": "sha1-J3cKzzn1/UnNCvQIPOWBBOs5DUw=",
      "dev": true
    },
    "event-loop-inspector": {
      "version": "1.2.2",
      "resolved": "https://registry.npmjs.org/event-loop-inspector/-/event-loop-inspector-1.2.2.tgz",
      "integrity": "sha512-v7OqIPmO0jqpmSH4Uc6IrY/H6lOidYzrXHE8vPHLDDOfV1Pw+yu+KEIE/AWnoFheWYlunZbxzKpZBAezVlrU9g==",
      "dev": true
    },
    "eventemitter2": {
      "version": "1.0.5",
      "resolved": "https://registry.npmjs.org/eventemitter2/-/eventemitter2-1.0.5.tgz",
      "integrity": "sha1-+YNhBRexc3wLncZDvsqTiTwE3xg=",
      "dev": true
    },
    "express": {
      "version": "4.15.3",
      "resolved": "https://registry.npmjs.org/express/-/express-4.15.3.tgz",
      "integrity": "sha1-urZdDwOqgMNYQIly/HAPkWlEtmI="
    },
    "fclone": {
      "version": "1.0.11",
      "resolved": "https://registry.npmjs.org/fclone/-/fclone-1.0.11.tgz",
      "integrity": "sha1-EOhdo4v+p/xZk0HClu4ddyZu5kA=",
      "dev": true
    },
    "follow-redirects": {
      "version": "1.5.9",
      "resolved": "https://registry.npmjs.org/follow-redirects/-/follow-redirects-1.5.9.tgz",
      "integrity": "sha512-Bh65EZI/RU8nx0wbYF9shkFZlqLP+6WT/5FnA3cE/djNSuKNHJEinGGZgu/cQEkeeb2GdFOgenAmn8qaqYke2w==",
      "dev": true,
      "requires": {
        "debug": "2.6.7"
      }
    },
    "gkt": {
      "version": "https://tgz.pm2.io/gkt-1.0.0.tgz",
      "integrity": "sha512-zr6QQnzLt3Ja0t0XI8gws2kn7zV2p0l/D3kreNvS6hFZhVU5g+uY/30l42jbgt0XGcNBEmBDGJR71J692V92tA==",
      "dev": true,
      "optional": true
    },
    "gulp": {
      "version": "3.9.1",
      "resolved": "https://registry.npmjs.org/gulp/-/gulp-3.9.1.tgz",
      "integrity": "sha1-VxzkWSjdQK9lFPxAEYZgFsE4RbQ=",
      "dev": true,
      "dependencies": {
        "clone": {
          "version": "0.2.0",
          "resolved": "https://registry.npmjs.org/clone/-/clone-0.2.0.tgz",
          "integrity": "sha1-xhJqkK1Pctv1rNskPMN3JP6T/B8=",
          "dev": true
        },
        "graceful-fs": {
          "version": "3.0.11",
          "resolved": "https://registry.npmjs.org/graceful-fs/-/graceful-fs-3.0.11.tgz",
          "integrity": "sha1-dhPHeKGv6mLyXGMKCG1/Osu92Bg=",
          "dev": true
        },
        "minimist": {
          "version": "1.2.0",
          "resolved": "https://registry.npmjs.org/minimist/-/minimist-1.2.0.tgz",
          "integrity": "sha1-o1AIsg9BOD7sH7kU9M1d95omQoQ=",
          "dev": true
        },
        "readable-stream": {
          "version": "1.0.34",
          "resolved": "https://registry.npmjs.org/readable-stream/-/readable-stream-1.0.34.tgz",
          "integrity": "sha1-Elgg40vIQtLyqq+v5MKRbuMsFXw=",
          "dev": true
        },
        "semver": {
          "version": "4.3.6",
          "resolved": "https://registry.npmjs.org/semver/-/semver-4.3.6.tgz",
          "integrity": "sha1-MAvG4OhjdPe6YQaLWx7NV/xlMto=",
          "dev": true
        },
        "strip-bom": {
          "version": "1.0.0",
          "resolved": "https://registry.npmjs.org/strip-bom/-/strip-bom-1.0.0.tgz",
          "integrity": "sha1-hbiGLzhEtabV7IRnqTWYFzo295Q=",
          "dev": true
        },
        "through2": {
          "version": "0.6.5",
          "resolved": "https://registry.npmjs.org/through2/-/through2-0.6.5.tgz",
          "integrity": "sha1-QaucZ7KdVyCQcUEOHXp6lozTrUg=",
          "dev": true
        },
        "vinyl": {
          "version": "0.4.6",
          "resolved": "https://registry.npmjs.org/vinyl/-/vinyl-0.4.6.tgz",
          "integrity": "sha1-LzVsh6VQolVGHza76ypbqL94SEc=",
          "dev": true
        },
        "vinyl-fs": {
          "version": "0.3.14",
          "resolved": "https://registry.npmjs.org/vinyl-fs/-/vinyl-fs-0.3.14.tgz",
          "integrity": "sha1-mmhRzhysHBzqX+hsCTHWIMLPqeY=",
          "dev": true
        }
      }
    },
    "gulp-cli": {
      "version": "1.3.0",
      "resolved": "https://registry.npmjs.org/gulp-cli/-/gulp-cli-1.3.0.tgz",
      "integrity": "sha1-pr+7i+NTQb4pCuRc0+QBBxIW7dQ=",
      "dev": true
    },
    "gulp-eslint": {
      "version": "3.0.1",
      "resolved": "https://registry.npmjs.org/gulp-eslint/-/gulp-eslint-3.0.1.tgz",
      "integrity": "sha1-BOV+PhjGl0JnwSz2hV3HF9SjE70=",
      "dev": true
    },
    "gulp-plumber": {
      "version": "1.1.0",
      "resolved": "https://registry.npmjs.org/gulp-plumber/-/gulp-plumber-1.1.0.tgz",
      "integrity": "sha1-8SF2wtBCL2AwbCQv/2oBo5T6ugk=",
      "dev": true
    },
    "gulp-spawn-mocha": {
      "version": "3.3.0",
      "resolved": "https://registry.npmjs.org/gulp-spawn-mocha/-/gulp-spawn-mocha-3.3.0.tgz",
      "integrity": "sha1-0KkwFhuSQrlbe2CwWuLHUoODlFQ=",
      "dev": true
    },
    "gulp-util": {
      "version": "3.0.8",
      "resolved": "https://registry.npmjs.org/gulp-util/-/gulp-util-3.0.8.tgz",
      "integrity": "sha1-AFTh50RQLifATBh8PsxQXdVLu08=",
      "dev": true,
      "dependencies": {
        "minimist": {
          "version": "1.2.0",
          "resolved": "https://registry.npmjs.org/minimist/-/minimist-1.2.0.tgz",
          "integrity": "sha1-o1AIsg9BOD7sH7kU9M1d95omQoQ=",
          "dev": true
        },
        "object-assign": {
          "version": "3.0.0",
          "resolved": "https://registry.npmjs.org/object-assign/-/object-assign-3.0.0.tgz",
          "integrity": "sha1-m+3VygiXlJvKR+f/QIBi1Un1h/I=",
          "dev": true
        }
      }
    },
    "ioredis": {
      "version": "3.1.1",
      "resolved": "https://registry.npmjs.org/ioredis/-/ioredis-3.1.1.tgz",
      "integrity": "sha1-zC8dMjK4yVzBUwRrzhaPK6oRhug="
    },
    "is-buffer": {
      "version": "1.1.5",
      "resolved": "https://registry.npmjs.org/is-buffer/-/is-buffer-1.1.5.tgz",
      "integrity": "sha1-Hzsm72E7IUuIy8ojzGwB2Hlh7sw=",
      "dev": true
    },
    "istanbul": {
      "version": "0.4.5",
      "resolved": "https://registry.npmjs.org/istanbul/-/istanbul-0.4.5.tgz",
      "integrity": "sha1-ZcfXPUxNqE1POsMQuRj7C4Azczs=",
      "dev": true,
      "dependencies": {
        "escodegen": {
          "version": "1.8.1",
          "resolved": "https://registry.npmjs.org/escodegen/-/escodegen-1.8.1.tgz",
          "integrity": "sha1-WltTr0aTEQvrsIZ6o0MN07cKEBg=",
          "dev": true
        },
        "esprima": {
          "version": "2.7.3",
          "resolved": "https://registry.npmjs.org/esprima/-/esprima-2.7.3.tgz",
          "integrity": "sha1-luO3DVd59q1JzQMmc9HDEnZ7pYE=",
          "dev": true
        },
        "estraverse": {
          "version": "1.9.3",
          "resolved": "https://registry.npmjs.org/estraverse/-/estraverse-1.9.3.tgz",
          "integrity": "sha1-r2fy3JIlgkFZUJJgkaQAXSnJu0Q=",
          "dev": true
        },
        "esutils": {
          "version": "2.0.2",
          "resolved": "https://registry.npmjs.org/esutils/-/esutils-2.0.2.tgz",
          "integrity": "sha1-Cr9PHKpbyx96nYrMbepPqqBLrJs=",
          "dev": true
        },
        "glob": {
          "version": "5.0.15",
          "resolved": "https://registry.npmjs.org/glob/-/glob-5.0.15.tgz",
          "integrity": "sha1-G8k2ueAvSmA/zCIuz3Yz0wuLk7E=",
          "dev": true
        },
        "resolve": {
          "version": "1.1.7",
          "resolved": "https://registry.npmjs.org/resolve/-/resolve-1.1.7.tgz",
          "integrity": "sha1-IDEU2CrSxe2ejgQRs5ModeiJ6Xs=",
          "dev": true
        },
        "source-map": {
          "version": "0.2.0",
          "resolved": "https://registry.npmjs.org/source-map/-/source-map-0.2.0.tgz",
          "integrity": "sha1-2rc/vPwrqBm03gO9b26qSBZLP50=",
          "dev": true,
          "optional": true
        },
        "supports-color": {
          "version": "3.2.3",
          "resolved": "https://registry.npmjs.org/supports-color/-/supports-color-3.2.3.tgz",
          "integrity": "sha1-ZawFBLOVQXHYpklGsq48u4pfVPY=",
          "dev": true
        }
      }
    },
    "json-stringify-safe": {
      "version": "5.0.1",
      "resolved": "https://registry.npmjs.org/json-stringify-safe/-/json-stringify-safe-5.0.1.tgz",
      "integrity": "sha1-Epai1Y/UXxmg9s4B1lcB4sc1tus="
    },
    "jws": {
      "version": "3.1.4",
      "resolved": "https://registry.npmjs.org/jws/-/jws-3.1.4.tgz",
      "integrity": "sha1-+ei5M46KhHJ31kRLFGT2GIDgUKI="
    },
    "jwt-redis-session": {
      "version": "1.0.5",
      "resolved": "https://registry.npmjs.org/jwt-redis-session/-/jwt-redis-session-1.0.5.tgz",
      "integrity": "sha1-GtlvGqlmfY3qK0KpSrKMZ57OeK0="
    },
    "lodash": {
      "version": "4.17.4",
      "resolved": "https://registry.npmjs.org/lodash/-/lodash-4.17.4.tgz",
      "integrity": "sha1-eCA6TRwyiuHYbcpkYONptX9AVa4="
    },
    "log4js": {
      "version": "1.1.1",
      "resolved": "https://registry.npmjs.org/log4js/-/log4js-1.1.1.tgz",
      "integrity": "sha1-wh0px2BAieTyVYM+f5SzRh3h/0M="
    },
    "mkdirp": {
      "version": "0.5.1",
      "resolved": "https://registry.npmjs.org/mkdirp/-/mkdirp-0.5.1.tgz",
      "integrity": "sha1-MAV0OOrGz3+MR2fzhkjWaX11yQM="
    },
    "mocha": {
      "version": "3.4.2",
      "resolved": "https://registry.npmjs.org/mocha/-/mocha-3.4.2.tgz",
      "integrity": "sha1-0O9NMyEm2/GNDWQMmzgt1IvpdZQ=",
      "dev": true,
      "dependencies": {
        "debug": {
          "version": "2.6.0",
          "resolved": "https://registry.npmjs.org/debug/-/debug-2.6.0.tgz",
          "integrity": "sha1-vFlryr52F/Edn6FTYe3tVgi4SZs=",
          "dev": true
        },
        "glob": {
          "version": "7.1.1",
          "resolved": "https://registry.npmjs.org/glob/-/glob-7.1.1.tgz",
          "integrity": "sha1-gFIR3wT6rxxjo2ADBs31reULLsg=",
          "dev": true
        },
        "ms": {
          "version": "0.7.2",
          "resolved": "https://registry.npmjs.org/ms/-/ms-0.7.2.tgz",
          "integrity": "sha1-riXPJRKziFodldfwN4aNhDESR2U=",
          "dev": true
        },
        "supports-color": {
          "version": "3.1.2",
          "resolved": "https://registry.npmjs.org/supports-color/-/supports-color-3.1.2.tgz",
          "integrity": "sha1-cqJiiU2dQIuVbKBf83su2KbiotU=",
          "dev": true
        }
      }
    },
    "moment": {
      "version": "2.18.1",
      "resolved": "https://registry.npmjs.org/moment/-/moment-2.18.1.tgz",
      "integrity": "sha1-w2GT3Tzhwu7SrbfIAtu8d6gbHA8="
    },
    "moment-timezone": {
      "version": "0.5.13",
      "resolved": "https://registry.npmjs.org/moment-timezone/-/moment-timezone-0.5.13.tgz",
      "integrity": "sha1-mc5cfYJyYusPH3AgRBd/YHRde5A="
    },
    "needle": {
      "version": "1.6.0",
      "resolved": "https://registry.npmjs.org/needle/-/needle-1.6.0.tgz",
      "integrity": "sha1-9SpYWJchIWGOAC+OY4TK2sItYk8=",
      "dev": true
    },
    "nock": {
      "version": "9.0.13",
      "resolved": "https://registry.npmjs.org/nock/-/nock-9.0.13.tgz",
      "integrity": "sha1-0Lw570PTF5mB4isujqBp+RbFeBo=",
      "dev": true,
      "dependencies": {
        "chai": {
          "version": "3.5.0",
          "resolved": "https://registry.npmjs.org/chai/-/chai-3.5.0.tgz",
          "integrity": "sha1-TQJjewZ/6Vi9v906QOxW/vc3Mkc=",
          "dev": true
        }
      }
    },
    "nssocket": {
      "version": "0.6.0",
      "resolved": "https://registry.npmjs.org/nssocket/-/nssocket-0.6.0.tgz",
      "integrity": "sha1-Wflvb/MhVm8zxw99vu7N/cBxVPo=",
      "dev": true,
      "dependencies": {
        "eventemitter2": {
          "version": "0.4.14",
          "resolved": "https://registry.npmjs.org/eventemitter2/-/eventemitter2-0.4.14.tgz",
          "integrity": "sha1-j2G3XN4BKy6esoTUVFWDtWQ7Yas=",
          "dev": true
        }
      }
    },
    "passport": {
      "version": "0.3.2",
      "resolved": "https://registry.npmjs.org/passport/-/passport-0.3.2.tgz",
      "integrity": "sha1-ndAJ+RXo/glbASSgG4+C2gdRAQI="
    },
    "passport-eventbrite-oauth": {
      "version": "0.0.3",
      "resolved": "https://registry.npmjs.org/passport-eventbrite-oauth/-/passport-eventbrite-oauth-0.0.3.tgz",
      "integrity": "sha1-6QucwbOO1CgIQQoASJuXyZTjtQw="
    },
    "passport-facebook": {
      "version": "2.1.1",
      "resolved": "https://registry.npmjs.org/passport-facebook/-/passport-facebook-2.1.1.tgz",
      "integrity": "sha1-w50LUq5NWRYyRaTiGnubYyEwMxE="
    },
    "passport-github": {
      "version": "1.1.0",
      "resolved": "https://registry.npmjs.org/passport-github/-/passport-github-1.1.0.tgz",
      "integrity": "sha1-jOHj/NYa11eOsd9ZWDnkrqEjVdQ="
    },
    "passport-google-oauth20": {
      "version": "1.0.0",
      "resolved": "https://registry.npmjs.org/passport-google-oauth20/-/passport-google-oauth20-1.0.0.tgz",
      "integrity": "sha1-O5YOih1w0dvnlGFcgnxoxAOSpdA="
    },
    "passport-oauth2": {
      "version": "1.4.0",
      "resolved": "https://registry.npmjs.org/passport-oauth2/-/passport-oauth2-1.4.0.tgz",
      "integrity": "sha1-9i+BWDy+EmCb585vFguTlaJ7hq0="
    },
    "passport-oauth2-meetup": {
      "version": "1.1.0",
      "resolved": "https://registry.npmjs.org/passport-oauth2-meetup/-/passport-oauth2-meetup-1.1.0.tgz",
      "integrity": "sha1-29pOIg9v0Tg8I6bdGK7r6UQyQCQ="
    },
    "passport-outlook": {
      "version": "2.1.0",
      "resolved": "https://registry.npmjs.org/passport-outlook/-/passport-outlook-2.1.0.tgz",
      "integrity": "sha1-5qpstXU5RaUrZlGdlBRc2iwYn5w="
    },
    "passport-todoist": {
      "version": "0.1.2",
      "resolved": "https://registry.npmjs.org/passport-todoist/-/passport-todoist-0.1.2.tgz",
      "integrity": "sha1-xJ/4qe8BABtiPvw4+GMwj8EFi+Y="
    },
    "passport-trello": {
      "version": "0.1.5",
      "resolved": "https://registry.npmjs.org/passport-trello/-/passport-trello-0.1.5.tgz",
      "integrity": "sha1-zJjOSTpIJ6YzVJCs0sDZlVgP0Dk="
    },
    "pidusage": {
      "version": "1.1.5",
      "resolved": "https://registry.npmjs.org/pidusage/-/pidusage-1.1.5.tgz",
      "integrity": "sha1-uMjTK9+vNiEsqedBAoh26jMhfmY=",
      "dev": true
    },
    "pm2": {
      "version": "3.2.2",
      "resolved": "https://registry.npmjs.org/pm2/-/pm2-3.2.2.tgz",
      "integrity": "sha512-Un3S5hirVHy48Pqrxgrqt6deLWf2E9pVeKwFCG0zbldyq415D3QW69KG+p1Rc2S36nuW2QEHoQyoTNai7rJz5Q==",
      "dev": true,
      "requires": {
        "@pm2/agent": "0.5.17",
        "@pm2/io": "2.4.5",
        "@pm2/js-api": "0.5.29",
        "async": "1.5.2",
        "blessed": "0.1.81",
        "chalk": "1.1.3",
        "chokidar": "1.7.0",
        "cli-table-redemption": "1.0.1",
        "commander": "2.9.0",
        "cron": "1.2.1",
        "date-fns": "1.29.0",
        "debug": "2.6.7",
        "eventemitter2": "1.0.5",
        "fclone": "1.0.11",
        "gkt": "https://tgz.pm2.io/gkt-1.0.0.tgz",
        "mkdirp": "0.5.1",
        "moment": "2.18.1",
        "needle": "1.6.0",
        "nssocket": "0.6.0",
        "pidusage": "1.1.5",
        "pm2-axon": "3.0.2",
        "pm2-axon-rpc": "0.4.5",
        "pm2-deploy": "0.3.5",
        "pm2-multimeter": "0.1.2",
        "promptly": "2.2.0",
        "semver": "5.3.0",
        "shelljs": "0.7.8",
        "source-map-support": "0.4.15",
        "sprintf-js": "1.0.3",
        "v8-compile-cache": "2.0.2",
        "vizion": "0.2.13",
        "yamljs": "0.2.10"
      }
    },
    "pm2-axon": {
      "version": "3.0.2",
      "resolved": "https://registry.npmjs.org/pm2-axon/-/pm2-axon-3.0.2.tgz",
      "integrity": "sha1-U94dNO2/Jm1Y9rHeotgkTHGtJLk=",
      "dev": true,
      "dependencies": {
        "debug": {
          "version": "2.2.0",
          "resolved": "https://registry.npmjs.org/debug/-/debug-2.2.0.tgz",
          "integrity": "sha1-+HBX6ZWxofauaklgZkE3vFbwOdo=",
          "dev": true
        },
        "ms": {
          "version": "0.7.1",
          "resolved": "https://registry.npmjs.org/ms/-/ms-0.7.1.tgz",
          "integrity": "sha1-nNE8A62/8ltl7/3nzoZO6VIBcJg=",
          "dev": true
        }
      }
    },
    "pm2-axon-rpc": {
      "version": "0.4.5",
      "resolved": "https://registry.npmjs.org/pm2-axon-rpc/-/pm2-axon-rpc-0.4.5.tgz",
      "integrity": "sha1-+2LppT8+K3vtGv4W47DRsG/oumk=",
      "dev": true,
      "dependencies": {
        "fclone": {
          "version": "1.0.8",
          "resolved": "https://registry.npmjs.org/fclone/-/fclone-1.0.8.tgz",
          "integrity": "sha1-oNSnPZgySZeMDgZxoWFSC5lkZ+s=",
          "dev": true
        }
      }
    },
    "pm2-deploy": {
      "version": "0.3.5",
      "resolved": "https://registry.npmjs.org/pm2-deploy/-/pm2-deploy-0.3.5.tgz",
      "integrity": "sha1-1DS+x7yx08g4ahI0r1o7Z5QBbBw=",
      "dev": true
    },
    "pm2-multimeter": {
      "version": "0.1.2",
      "resolved": "https://registry.npmjs.org/pm2-multimeter/-/pm2-multimeter-0.1.2.tgz",
      "integrity": "sha1-Gh5VFT1BoFU0zqI8/oYKuqDrSs4=",
      "dev": true
    },
    "prom-client": {
      "version": "9.1.1",
      "resolved": "https://registry.npmjs.org/prom-client/-/prom-client-9.1.1.tgz",
      "integrity": "sha512-D0u3QmHpha85wT+p8UTcRkSMC70WKR1bd1mf6lZqZBhOxP2jUpnDRlec0VuHZA0Qmw9C63pSiPr9UqsiCgnf+w=="
    },
    "promptly": {
      "version": "2.2.0",
      "resolved": "https://registry.npmjs.org/promptly/-/promptly-2.2.0.tgz",
      "integrity": "sha1-KhP6BjaIoqWYOxYf/wEIoH0m/HQ=",
      "dev": true
    },
    "proxyquire": {
      "version": "1.8.0",
      "resolved": "https://registry.npmjs.org/proxyquire/-/proxyquire-1.8.0.tgz",
      "integrity": "sha1-AtUUpb7ZhvBMuyCTrxZ0FTX3ntw=",
      "dev": true,
      "dependencies": {
        "resolve": {
          "version": "1.1.7",
          "resolved": "https://registry.npmjs.org/resolve/-/resolve-1.1.7.tgz",
          "integrity": "sha1-IDEU2CrSxe2ejgQRs5ModeiJ6Xs=",
          "dev": true
        }
      }
    },
    "request": {
      "version": "2.81.0",
      "resolved": "https://registry.npmjs.org/request/-/request-2.81.0.tgz",
      "integrity": "sha1-xpKJRqDgbF+Nb4qTM0af/aRimKA=",
      "dependencies": {
        "uuid": {
          "version": "3.1.0",
          "resolved": "https://registry.npmjs.org/uuid/-/uuid-3.1.0.tgz",
          "integrity": "sha512-DIWtzUkw04M4k3bf1IcpS2tngXEL26YUD2M0tMDUpnUrz2hgzUBlD55a4FjdLGPvfHxS6uluGWvaVEqgBcVa+g=="
        }
      }
    },
    "request-promise-native": {
      "version": "1.0.4",
      "resolved": "https://registry.npmjs.org/request-promise-native/-/request-promise-native-1.0.4.tgz",
      "integrity": "sha1-hpiOyO7kCORVefzoO/0Fs635oVU="
    },
    "safe-buffer": {
      "version": "5.1.1",
      "resolved": "https://registry.npmjs.org/safe-buffer/-/safe-buffer-5.1.1.tgz",
      "integrity": "sha512-kKvNJn6Mm93gAczWVJg7wH+wGYWNrDHdWvpUmHyEsgCtIwwo3bqPtV4tR5tuPaUhTOo/kvhVwd8XwwOllGYkbg=="
    },
    "semver": {
      "version": "5.3.0",
      "resolved": "https://registry.npmjs.org/semver/-/semver-5.3.0.tgz",
      "integrity": "sha1-myzl094C0XxgEq0yaqa00M9U+U8="
    },
    "shelljs": {
      "version": "0.7.8",
      "resolved": "https://registry.npmjs.org/shelljs/-/shelljs-0.7.8.tgz",
      "integrity": "sha1-3svPh0sNHl+3LhSxZKloMEjprLM=",
      "dev": true
    },
    "signal-exit": {
      "version": "3.0.2",
      "resolved": "https://registry.npmjs.org/signal-exit/-/signal-exit-3.0.2.tgz",
      "integrity": "sha1-tf3AjxKH6hF4Yo5BXiUTK3NkbG0=",
      "dev": true
    },
    "sinon": {
      "version": "2.3.5",
      "resolved": "https://registry.npmjs.org/sinon/-/sinon-2.3.5.tgz",
      "integrity": "sha1-mi/A/41SbacW8wlTqixl1RiRf2w=",
      "dev": true,
      "dependencies": {
        "path-to-regexp": {
          "version": "1.7.0",
          "resolved": "https://registry.npmjs.org/path-to-regexp/-/path-to-regexp-1.7.0.tgz",
          "integrity": "sha1-Wf3g9DW62suhA6hOnTvGTpa5k30=",
          "dev": true
        },
        "type-detect": {
          "version": "4.0.3",
          "resolved": "https://registry.npmjs.org/type-detect/-/type-detect-4.0.3.tgz",
          "integrity": "sha1-Dj8mcLRAmbC0bChNE2p+9Jx0wuo=",
          "dev": true
        }
      }
    },
    "sinon-chai": {
      "version": "2.11.0",
      "resolved": "https://registry.npmjs.org/sinon-chai/-/sinon-chai-2.11.0.tgz",
      "integrity": "sha512-3kbzpr2q8N+M4CWkcym349ifwkXorsbw2YyVpEIvB3AKC/ebrLHXj3DySt8epKGA49zJBSgn1OvWHZ+O+aR0dA==",
      "dev": true
    },
    "source-map-support": {
      "version": "0.4.15",
      "resolved": "https://registry.npmjs.org/source-map-support/-/source-map-support-0.4.15.tgz",
      "integrity": "sha1-AyAt9lwG0r2MfsI2KhkwVv7407E=",
      "dev": true,
      "dependencies": {
        "source-map": {
          "version": "0.5.6",
          "resolved": "https://registry.npmjs.org/source-map/-/source-map-0.5.6.tgz",
          "integrity": "sha1-dc449SvwczxafwwRjYEzSiu19BI=",
          "dev": true
        }
      }
    },
    "sprintf-js": {
      "version": "1.0.3",
      "resolved": "https://registry.npmjs.org/sprintf-js/-/sprintf-js-1.0.3.tgz",
      "integrity": "sha1-BOaSb2YolTVPPdAVIDYzuFcpfiw=",
      "dev": true
    },
    "stripe": {
      "version": "4.23.1",
      "resolved": "https://registry.npmjs.org/stripe/-/stripe-4.23.1.tgz",
      "integrity": "sha1-31KXcyPT7oh6B6xZBXA/zcBF0u4=",
      "dependencies": {
        "bluebird": {
          "version": "2.11.0",
          "resolved": "https://registry.npmjs.org/bluebird/-/bluebird-2.11.0.tgz",
          "integrity": "sha1-U0uQM8AiyVecVro7Plpcqvu2UOE="
        },
        "qs": {
          "version": "6.0.4",
          "resolved": "https://registry.npmjs.org/qs/-/qs-6.0.4.tgz",
          "integrity": "sha1-UQGdhHIMk5uCc36EVWp4Izjs6ns="
        }
      }
    },
    "tslib": {
      "version": "1.9.3",
      "resolved": "https://registry.npmjs.org/tslib/-/tslib-1.9.3.tgz",
      "integrity": "sha512-4krF8scpejhaOgqzBEcGM7yDIEfi0/8+8zDRZhNZZ2kjmHJ4hv3zCbQWxoJGz1iw5U0Jl0nma13xzHXcncMavQ==",
      "dev": true
    },
    "ultron": {
      "version": "1.1.1",
      "resolved": "https://registry.npmjs.org/ultron/-/ultron-1.1.1.tgz",
      "integrity": "sha512-UIEXBNeYmKptWH6z8ZnqTeS8fV74zG0/eRU9VGkpzz+LIJNs8W/zM/L+7ctCkRrgbNnnR0xxw4bKOr0cW0N0Og==",
      "dev": true
    },
    "v8-compile-cache": {
      "version": "2.0.2",
      "resolved": "https://registry.npmjs.org/v8-compile-cache/-/v8-compile-cache-2.0.2.tgz",
      "integrity": "sha512-1wFuMUIM16MDJRCrpbpuEPTUGmM5QMUg0cr3KFwra2XgOgFcPGDQHDh3CszSCD2Zewc/dh/pamNEW8CbfDebUw==",
      "dev": true
    },
    "vinyl-fs": {
      "version": "2.4.4",
      "resolved": "https://registry.npmjs.org/vinyl-fs/-/vinyl-fs-2.4.4.tgz",
      "integrity": "sha1-vm/zJwy1Xf19MGNkDegfJddTIjk=",
      "dev": true,
      "dependencies": {
        "glob": {
          "version": "5.0.15",
          "resolved": "https://registry.npmjs.org/glob/-/glob-5.0.15.tgz",
          "integrity": "sha1-G8k2ueAvSmA/zCIuz3Yz0wuLk7E=",
          "dev": true
        },
        "glob-parent": {
          "version": "3.1.0",
          "resolved": "https://registry.npmjs.org/glob-parent/-/glob-parent-3.1.0.tgz",
          "integrity": "sha1-nmr2KZ2NO9K9QEMIMr0RPfkGxa4=",
          "dev": true
        },
        "glob-stream": {
          "version": "5.3.5",
          "resolved": "https://registry.npmjs.org/glob-stream/-/glob-stream-5.3.5.tgz",
          "integrity": "sha1-pVZlqajM3EGRWofHAeMtTgFvrSI=",
          "dev": true,
          "dependencies": {
            "isarray": {
              "version": "0.0.1",
              "resolved": "https://registry.npmjs.org/isarray/-/isarray-0.0.1.tgz",
              "integrity": "sha1-ihis/Kmo9Bd+Cav8YDiTmwXR7t8=",
              "dev": true
            },
            "readable-stream": {
              "version": "1.0.34",
              "resolved": "https://registry.npmjs.org/readable-stream/-/readable-stream-1.0.34.tgz",
              "integrity": "sha1-Elgg40vIQtLyqq+v5MKRbuMsFXw=",
              "dev": true
            },
            "string_decoder": {
              "version": "0.10.31",
              "resolved": "https://registry.npmjs.org/string_decoder/-/string_decoder-0.10.31.tgz",
              "integrity": "sha1-YuIDvEF2bGwoyfyEMB2rHFMQ+pQ=",
              "dev": true
            },
            "through2": {
              "version": "0.6.5",
              "resolved": "https://registry.npmjs.org/through2/-/through2-0.6.5.tgz",
              "integrity": "sha1-QaucZ7KdVyCQcUEOHXp6lozTrUg=",
              "dev": true
            }
          }
        },
        "is-extglob": {
          "version": "2.1.1",
          "resolved": "https://registry.npmjs.org/is-extglob/-/is-extglob-2.1.1.tgz",
          "integrity": "sha1-qIwCU1eR8C7TfHahueqXc8gz+MI=",
          "dev": true
        },
        "is-glob": {
          "version": "3.1.0",
          "resolved": "https://registry.npmjs.org/is-glob/-/is-glob-3.1.0.tgz",
          "integrity": "sha1-e6WuJCF4BKxwcHuWkiVnSGzD6Eo=",
          "dev": true
        },
        "isarray": {
          "version": "1.0.0",
          "resolved": "https://registry.npmjs.org/isarray/-/isarray-1.0.0.tgz",
          "integrity": "sha1-u5NdSFgsuhaMBoNJV6VKPgcSTxE=",
          "dev": true
        },
        "ordered-read-streams": {
          "version": "0.3.0",
          "resolved": "https://registry.npmjs.org/ordered-read-streams/-/ordered-read-streams-0.3.0.tgz",
          "integrity": "sha1-cTfmmzKYuzQiR6G77jiByA4v14s=",
          "dev": true
        },
        "readable-stream": {
          "version": "2.3.2",
          "resolved": "https://registry.npmjs.org/readable-stream/-/readable-stream-2.3.2.tgz",
          "integrity": "sha1-WgTfBeT1f+Pw3Gj90R3FyXx+b00=",
          "dev": true
        },
        "string_decoder": {
          "version": "1.0.3",
          "resolved": "https://registry.npmjs.org/string_decoder/-/string_decoder-1.0.3.tgz",
          "integrity": "sha512-4AH6Z5fzNNBcH+6XDMfA/BTt87skxqJlO0lAh3Dker5zThcAxG6mKz+iGu308UKoPPQ8Dcqx/4JhujzltRa+hQ==",
          "dev": true
        },
        "strip-bom": {
          "version": "2.0.0",
          "resolved": "https://registry.npmjs.org/strip-bom/-/strip-bom-2.0.0.tgz",
          "integrity": "sha1-YhmoVhZSBJHzV4i9vxRHqZx+aw4=",
          "dev": true
        },
        "unique-stream": {
          "version": "2.2.1",
          "resolved": "https://registry.npmjs.org/unique-stream/-/unique-stream-2.2.1.tgz",
          "integrity": "sha1-WqADz76Uxf+GbE59ZouxxNuts2k=",
          "dev": true
        },
        "vinyl": {
          "version": "1.2.0",
          "resolved": "https://registry.npmjs.org/vinyl/-/vinyl-1.2.0.tgz",
          "integrity": "sha1-XIgDbPVl5d8FVYv8kR+GVt8hiIQ=",
          "dev": true
        }
      }
    },
    "vizion": {
      "version": "0.2.13",
      "resolved": "https://registry.npmjs.org/vizion/-/vizion-0.2.13.tgz",
      "integrity": "sha1-ExTN7is0EW+fWxJIU2+V2/zW718=",
      "dev": true
    },
    "vxx": {
      "version": "1.2.2",
      "resolved": "https://registry.npmjs.org/vxx/-/vxx-1.2.2.tgz",
      "integrity": "sha1-dB+1HG8R0zg9pvm5IBil17qAdhE=",
      "dev": true,
      "dependencies": {
        "uuid": {
          "version": "3.1.0",
          "resolved": "https://registry.npmjs.org/uuid/-/uuid-3.1.0.tgz",
          "integrity": "sha512-DIWtzUkw04M4k3bf1IcpS2tngXEL26YUD2M0tMDUpnUrz2hgzUBlD55a4FjdLGPvfHxS6uluGWvaVEqgBcVa+g==",
          "dev": true
        }
      }
    },
    "ws": {
      "version": "5.2.2",
      "resolved": "https://registry.npmjs.org/ws/-/ws-5.2.2.tgz",
      "integrity": "sha512-jaHFD6PFv6UgoIVda6qZllptQsMlDEJkTQcybzzXDYM1XO9Y8em691FGMPmM46WGyLU4z9KMgQN+qrux/nhlHA==",
      "dev": true,
      "requires": {
        "async-limiter": "1.0.0"
      }
    },
    "xml2js": {
      "version": "0.4.17",
      "resolved": "https://registry.npmjs.org/xml2js/-/xml2js-0.4.17.tgz",
      "integrity": "sha1-F76T6q4/O3eTWceVtBlwWogX6Gg="
    },
    "yamljs": {
      "version": "0.2.10",
      "resolved": "https://registry.npmjs.org/yamljs/-/yamljs-0.2.10.tgz",
      "integrity": "sha1-SBzHwlynOvWfWR8MluPOVsdXpA8=",
      "dev": true
    }
  }
}
